<?xml version="1.0" encoding="utf-8"?>
<Project ToolsVersion="4.0" xmlns="http://schemas.microsoft.com/developer/msbuild/2003">
  <ItemGroup>
    <Filter Include="Source Files">
      <UniqueIdentifier>{4FC737F1-C7A5-4376-A066-2A32D752A2FF}</UniqueIdentifier>
      <Extensions>cpp;c;cxx;def;odl;idl;hpj;bat;asm;asmx</Extensions>
    </Filter>
    <Filter Include="Header Files">
      <UniqueIdentifier>{93995380-89BD-4b04-88EB-625FBE52EBFB}</UniqueIdentifier>
      <Extensions>h;hpp;hxx;hm;inc;xsd</Extensions>
    </Filter>
    <Filter Include="Inline Files">
      <UniqueIdentifier>{0b2aa534-a3af-49c2-af30-bffc0ef01bba}</UniqueIdentifier>
      <Extensions>inl</Extensions>
    </Filter>
    <Filter Include="Tree Control Files">
      <UniqueIdentifier>{7877358a-237e-4254-9170-e0a57f33a125}</UniqueIdentifier>
    </Filter>
  </ItemGroup>
  <ItemGroup>
    <ClCompile Include="Wm4Application.cpp">
      <Filter>Source Files</Filter>
    </ClCompile>
    <ClCompile Include="Wm4ConsoleApplication.cpp">
      <Filter>Source Files</Filter>
    </ClCompile>
    <ClCompile Include="Wm4WindowApplication.cpp">
      <Filter>Source Files</Filter>
    </ClCompile>
    <ClCompile Include="Wm4WindowApplication2.cpp">
      <Filter>Source Files</Filter>
    </ClCompile>
    <ClCompile Include="Wm4WindowApplication3.cpp">
      <Filter>Source Files</Filter>
    </ClCompile>
    <ClCompile Include="Wm4WinSoftApplication.cpp">
      <Filter>Source Files</Filter>
    </ClCompile>
    <ClCompile Include="TreeControl\TreeControl.cpp">
      <Filter>Tree Control Files</Filter>
    </ClCompile>
    <ClCompile Include="Wm4WinSoftApplicationPCH.cpp">
      <Filter>Source Files</Filter>
    </ClCompile>
  </ItemGroup>
  <ItemGroup>
    <ClInclude Include="Wm4Application.h">
      <Filter>Header Files</Filter>
    </ClInclude>
    <ClInclude Include="Wm4ApplicationMCR.h">
      <Filter>Header Files</Filter>
    </ClInclude>
    <ClInclude Include="Wm4ConsoleApplication.h">
      <Filter>Header Files</Filter>
    </ClInclude>
    <ClInclude Include="Wm4WindowApplication.h">
      <Filter>Header Files</Filter>
    </ClInclude>
    <ClInclude Include="Wm4WindowApplication2.h">
      <Filter>Header Files</Filter>
    </ClInclude>
    <ClInclude Include="Wm4WindowApplication3.h">
      <Filter>Header Files</Filter>
    </ClInclude>
    <ClInclude Include="TreeControl\TreeControl.h">
      <Filter>Tree Control Files</Filter>
    </ClInclude>
    <ClInclude Include="Wm4ApplicationPCH.h">
      <Filter>Header Files</Filter>
    </ClInclude>
  </ItemGroup>
  <ItemGroup>
    <None Include="Wm4WindowApplication.inl">
      <Filter>Inline Files</Filter>
    </None>
  </ItemGroup>
</Project>